
Microsoft Visual Studio Solution File, Format Version 12.00
# Visual Studio Version 16
VisualStudioVersion = 16.0.33801.447
MinimumVisualStudioVersion = 10.0.40219.1
Project("{FAE04EC0-301F-11D3-BF4B-00C04F79EFBC}") = "VS2019CSharpGV472", "VS2019CSharpGV472\VS2019CSharpGV472.csproj", "{53EE0E74-E1D7-4E81-B9C0-483F6F579B11}"
EndProject
Global
	GlobalSection(SolutionConfigurationPlatforms) = preSolution
		Debug|Any CPU = Debug|Any CPU
		Release|Any CPU = Release|Any CPU
	EndGlobalSection
	GlobalSection(ProjectConfigurationPlatforms) = postSolution
		{53EE0E74-E1D7-4E81-B9C0-483F6F579B11}.Debug|Any CPU.ActiveCfg = Debug|Any CPU
		{53EE0E74-E1D7-4E81-B9C0-483F6F579B11}.Debug|Any CPU.Build.0 = Debug|Any CPU
		{53EE0E74-E1D7-4E81-B9C0-483F6F579B11}.Release|Any CPU.ActiveCfg = Release|Any CPU
		{53EE0E74-E1D7-4E81-B9C0-483F6F579B11}.Release|Any CPU.Build.0 = Release|Any CPU
	EndGlobalSection
	GlobalSection(SolutionProperties) = preSolution
		HideSolutionNode = FALSE
	EndGlobalSection
	GlobalSection(ExtensibilityGlobals) = postSolution
		SolutionGuid = {888287B3-FDE8-4145-BA1F-ACE00DF79DE2}
	EndGlobalSection
EndGlobal
